
Microsoft Visual Studio Solution File, Format Version 12.00
# Visual Studio Version 17
VisualStudioVersion = 17.9.34714.143
MinimumVisualStudioVersion = 10.0.40219.1
Project("{2150E333-8FDC-42A3-9474-1A3956D46DE8}") = "GameCore", "GameCore", "{227C6CDC-66B9-418D-AB4B-0F4F70037D3A}"
EndProject
Project("{2150E333-8FDC-42A3-9474-1A3956D46DE8}") = "Resources", "Resources", "{BFB1C3C1-0C01-494B-BE48-EAF55A2E467D}"
EndProject
Project("{9A19103F-16F7-4668-BE54-9A1E7A4F7556}") = "CommonResources", "CommonResources\CommonResources.csproj", "{0EFAE0BF-BDD8-4A31-9E69-1B0718270D1E}"
EndProject
Project("{9A19103F-16F7-4668-BE54-9A1E7A4F7556}") = "Model", "Model\Model.csproj", "{5662B9A6-682B-4054-9A31-54732087A403}"
EndProject
Project("{9A19103F-16F7-4668-BE54-9A1E7A4F7556}") = "View", "View\View.csproj", "{59C3D734-81FA-40AB-B38D-55A2DCFC2835}"
EndProject
Project("{9A19103F-16F7-4668-BE54-9A1E7A4F7556}") = "Controller", "Controller\Controller.csproj", "{BC8C7146-7EB5-47E2-8B02-34805AAA76B5}"
EndProject
Project("{9A19103F-16F7-4668-BE54-9A1E7A4F7556}") = "ModelTest", "ModelTest\ModelTest.csproj", "{8D5057F1-1155-46A2-9D19-2C361F9A7013}"
EndProject
Project("{2150E333-8FDC-42A3-9474-1A3956D46DE8}") = "WPF", "WPF", "{69016B53-023C-415C-8D09-687C09F7A852}"
EndProject
Project("{9A19103F-16F7-4668-BE54-9A1E7A4F7556}") = "GameWPF", "GameWPF\GameWPF.csproj", "{EB1FE85C-458D-4E5C-B2FB-5712F34AE83B}"
EndProject
Project("{9A19103F-16F7-4668-BE54-9A1E7A4F7556}") = "ControllerWPF", "ControllerWPF\ControllerWPF.csproj", "{101BB21B-4240-4720-93C5-28FE6334E6EC}"
EndProject
Project("{9A19103F-16F7-4668-BE54-9A1E7A4F7556}") = "ViewWPF", "ViewWPF\ViewWPF.csproj", "{CE3A55E2-42A1-4860-A90F-C8BBF864271A}"
EndProject
Project("{2150E333-8FDC-42A3-9474-1A3956D46DE8}") = "Console", "Console", "{E9012205-E0F4-49D3-BDB7-9C20761FC659}"
EndProject
Project("{9A19103F-16F7-4668-BE54-9A1E7A4F7556}") = "ControllerConsole", "ControllerConsole\ControllerConsole.csproj", "{DC60376A-650D-4BFE-B8FC-88E78E3426FE}"
EndProject
Project("{9A19103F-16F7-4668-BE54-9A1E7A4F7556}") = "GameConsole", "GameConsole\GameConsole.csproj", "{E6F8D057-0F75-43E9-8D87-3D419296BDD2}"
EndProject
Project("{9A19103F-16F7-4668-BE54-9A1E7A4F7556}") = "ViewConsole", "ViewConsole\ViewConsole.csproj", "{26D133C7-4EB9-4DB5-8714-E6559EF8038C}"
EndProject
Global
	GlobalSection(SolutionConfigurationPlatforms) = preSolution
		Debug|Any CPU = Debug|Any CPU
		Release|Any CPU = Release|Any CPU
	EndGlobalSection
	GlobalSection(ProjectConfigurationPlatforms) = postSolution
		{0EFAE0BF-BDD8-4A31-9E69-1B0718270D1E}.Debug|Any CPU.ActiveCfg = Debug|Any CPU
		{0EFAE0BF-BDD8-4A31-9E69-1B0718270D1E}.Debug|Any CPU.Build.0 = Debug|Any CPU
		{0EFAE0BF-BDD8-4A31-9E69-1B0718270D1E}.Release|Any CPU.ActiveCfg = Release|Any CPU
		{0EFAE0BF-BDD8-4A31-9E69-1B0718270D1E}.Release|Any CPU.Build.0 = Release|Any CPU
		{5662B9A6-682B-4054-9A31-54732087A403}.Debug|Any CPU.ActiveCfg = Debug|Any CPU
		{5662B9A6-682B-4054-9A31-54732087A403}.Debug|Any CPU.Build.0 = Debug|Any CPU
		{5662B9A6-682B-4054-9A31-54732087A403}.Release|Any CPU.ActiveCfg = Release|Any CPU
		{5662B9A6-682B-4054-9A31-54732087A403}.Release|Any CPU.Build.0 = Release|Any CPU
		{59C3D734-81FA-40AB-B38D-55A2DCFC2835}.Debug|Any CPU.ActiveCfg = Debug|Any CPU
		{59C3D734-81FA-40AB-B38D-55A2DCFC2835}.Debug|Any CPU.Build.0 = Debug|Any CPU
		{59C3D734-81FA-40AB-B38D-55A2DCFC2835}.Release|Any CPU.ActiveCfg = Release|Any CPU
		{59C3D734-81FA-40AB-B38D-55A2DCFC2835}.Release|Any CPU.Build.0 = Release|Any CPU
		{BC8C7146-7EB5-47E2-8B02-34805AAA76B5}.Debug|Any CPU.ActiveCfg = Debug|Any CPU
		{BC8C7146-7EB5-47E2-8B02-34805AAA76B5}.Debug|Any CPU.Build.0 = Debug|Any CPU
		{BC8C7146-7EB5-47E2-8B02-34805AAA76B5}.Release|Any CPU.ActiveCfg = Release|Any CPU
		{BC8C7146-7EB5-47E2-8B02-34805AAA76B5}.Release|Any CPU.Build.0 = Release|Any CPU
		{8D5057F1-1155-46A2-9D19-2C361F9A7013}.Debug|Any CPU.ActiveCfg = Debug|Any CPU
		{8D5057F1-1155-46A2-9D19-2C361F9A7013}.Debug|Any CPU.Build.0 = Debug|Any CPU
		{8D5057F1-1155-46A2-9D19-2C361F9A7013}.Release|Any CPU.ActiveCfg = Release|Any CPU
		{8D5057F1-1155-46A2-9D19-2C361F9A7013}.Release|Any CPU.Build.0 = Release|Any CPU
		{EB1FE85C-458D-4E5C-B2FB-5712F34AE83B}.Debug|Any CPU.ActiveCfg = Debug|Any CPU
		{EB1FE85C-458D-4E5C-B2FB-5712F34AE83B}.Debug|Any CPU.Build.0 = Debug|Any CPU
		{EB1FE85C-458D-4E5C-B2FB-5712F34AE83B}.Release|Any CPU.ActiveCfg = Release|Any CPU
		{EB1FE85C-458D-4E5C-B2FB-5712F34AE83B}.Release|Any CPU.Build.0 = Release|Any CPU
		{101BB21B-4240-4720-93C5-28FE6334E6EC}.Debug|Any CPU.ActiveCfg = Debug|Any CPU
		{101BB21B-4240-4720-93C5-28FE6334E6EC}.Debug|Any CPU.Build.0 = Debug|Any CPU
		{101BB21B-4240-4720-93C5-28FE6334E6EC}.Release|Any CPU.ActiveCfg = Release|Any CPU
		{101BB21B-4240-4720-93C5-28FE6334E6EC}.Release|Any CPU.Build.0 = Release|Any CPU
		{CE3A55E2-42A1-4860-A90F-C8BBF864271A}.Debug|Any CPU.ActiveCfg = Debug|Any CPU
		{CE3A55E2-42A1-4860-A90F-C8BBF864271A}.Debug|Any CPU.Build.0 = Debug|Any CPU
		{CE3A55E2-42A1-4860-A90F-C8BBF864271A}.Release|Any CPU.ActiveCfg = Release|Any CPU
		{CE3A55E2-42A1-4860-A90F-C8BBF864271A}.Release|Any CPU.Build.0 = Release|Any CPU
		{DC60376A-650D-4BFE-B8FC-88E78E3426FE}.Debug|Any CPU.ActiveCfg = Debug|Any CPU
		{DC60376A-650D-4BFE-B8FC-88E78E3426FE}.Debug|Any CPU.Build.0 = Debug|Any CPU
		{DC60376A-650D-4BFE-B8FC-88E78E3426FE}.Release|Any CPU.ActiveCfg = Release|Any CPU
		{DC60376A-650D-4BFE-B8FC-88E78E3426FE}.Release|Any CPU.Build.0 = Release|Any CPU
		{E6F8D057-0F75-43E9-8D87-3D419296BDD2}.Debug|Any CPU.ActiveCfg = Debug|Any CPU
		{E6F8D057-0F75-43E9-8D87-3D419296BDD2}.Debug|Any CPU.Build.0 = Debug|Any CPU
		{E6F8D057-0F75-43E9-8D87-3D419296BDD2}.Release|Any CPU.ActiveCfg = Release|Any CPU
		{E6F8D057-0F75-43E9-8D87-3D419296BDD2}.Release|Any CPU.Build.0 = Release|Any CPU
		{26D133C7-4EB9-4DB5-8714-E6559EF8038C}.Debug|Any CPU.ActiveCfg = Debug|Any CPU
		{26D133C7-4EB9-4DB5-8714-E6559EF8038C}.Debug|Any CPU.Build.0 = Debug|Any CPU
		{26D133C7-4EB9-4DB5-8714-E6559EF8038C}.Release|Any CPU.ActiveCfg = Release|Any CPU
		{26D133C7-4EB9-4DB5-8714-E6559EF8038C}.Release|Any CPU.Build.0 = Release|Any CPU
	EndGlobalSection
	GlobalSection(SolutionProperties) = preSolution
		HideSolutionNode = FALSE
	EndGlobalSection
	GlobalSection(NestedProjects) = preSolution
		{0EFAE0BF-BDD8-4A31-9E69-1B0718270D1E} = {BFB1C3C1-0C01-494B-BE48-EAF55A2E467D}
		{5662B9A6-682B-4054-9A31-54732087A403} = {227C6CDC-66B9-418D-AB4B-0F4F70037D3A}
		{59C3D734-81FA-40AB-B38D-55A2DCFC2835} = {227C6CDC-66B9-418D-AB4B-0F4F70037D3A}
		{BC8C7146-7EB5-47E2-8B02-34805AAA76B5} = {227C6CDC-66B9-418D-AB4B-0F4F70037D3A}
		{8D5057F1-1155-46A2-9D19-2C361F9A7013} = {227C6CDC-66B9-418D-AB4B-0F4F70037D3A}
		{EB1FE85C-458D-4E5C-B2FB-5712F34AE83B} = {69016B53-023C-415C-8D09-687C09F7A852}
		{101BB21B-4240-4720-93C5-28FE6334E6EC} = {69016B53-023C-415C-8D09-687C09F7A852}
		{CE3A55E2-42A1-4860-A90F-C8BBF864271A} = {69016B53-023C-415C-8D09-687C09F7A852}
		{DC60376A-650D-4BFE-B8FC-88E78E3426FE} = {E9012205-E0F4-49D3-BDB7-9C20761FC659}
		{E6F8D057-0F75-43E9-8D87-3D419296BDD2} = {E9012205-E0F4-49D3-BDB7-9C20761FC659}
		{26D133C7-4EB9-4DB5-8714-E6559EF8038C} = {E9012205-E0F4-49D3-BDB7-9C20761FC659}
	EndGlobalSection
	GlobalSection(ExtensibilityGlobals) = postSolution
		SolutionGuid = {25C70401-E850-4C74-858F-E99D4A955646}
	EndGlobalSection
EndGlobal
